// !$*UTF8*$!
{
	archiveVersion = 1;
	classes = {
	};
	objectVersion = 46;
	objects = {

/* Begin PBXBuildFile section */
		F64699E21CD5B93000BF81D4 /* Bolts.framework in Frameworks */ = {isa = PBXBuildFile; fileRef = F64699E01CD5B93000BF81D4 /* Bolts.framework */; };
		F64699E31CD5B93000BF81D4 /* Parse.framework in Frameworks */ = {isa = PBXBuildFile; fileRef = F64699E11CD5B93000BF81D4 /* Parse.framework */; };
		F64699E51CD5BA6300BF81D4 /* libsqlite3.tbd in Frameworks */ = {isa = PBXBuildFile; fileRef = F64699E41CD5BA6300BF81D4 /* libsqlite3.tbd */; };
		F64699E71CD5BA9000BF81D4 /* libstdc++.6.tbd in Frameworks */ = {isa = PBXBuildFile; fileRef = F64699E61CD5BA9000BF81D4 /* libstdc++.6.tbd */; };
		F64699E91CD5BABF00BF81D4 /* SystemConfiguration.framework in Frameworks */ = {isa = PBXBuildFile; fileRef = F64699E81CD5BABF00BF81D4 /* SystemConfiguration.framework */; };
		F64699EB1CD5BADB00BF81D4 /* AudioToolbox.framework in Frameworks */ = {isa = PBXBuildFile; fileRef = F64699EA1CD5BADB00BF81D4 /* AudioToolbox.framework */; };
		F67379721CD4BECA00BE4BF0 /* TableViewController.swift in Sources */ = {isa = PBXBuildFile; fileRef = F67379711CD4BECA00BE4BF0 /* TableViewController.swift */; };
		F6CB5B041CD4613700DD3587 /* AppDelegate.swift in Sources */ = {isa = PBXBuildFile; fileRef = F6CB5B031CD4613700DD3587 /* AppDelegate.swift */; };
		F6CB5B061CD4613700DD3587 /* ViewController.swift in Sources */ = {isa = PBXBuildFile; fileRef = F6CB5B051CD4613700DD3587 /* ViewController.swift */; };
		F6CB5B091CD4613700DD3587 /* Main.storyboard in Resources */ = {isa = PBXBuildFile; fileRef = F6CB5B071CD4613700DD3587 /* Main.storyboard */; };
		F6CB5B0B1CD4613700DD3587 /* Assets.xcassets in Resources */ = {isa = PBXBuildFile; fileRef = F6CB5B0A1CD4613700DD3587 /* Assets.xcassets */; };
		F6CB5B0E1CD4613700DD3587 /* LaunchScreen.storyboard in Resources */ = {isa = PBXBuildFile; fileRef = F6CB5B0C1CD4613700DD3587 /* LaunchScreen.storyboard */; };
		F6CB5B181CD463D600DD3587 /* CoreLocation.framework in Frameworks */ = {isa = PBXBuildFile; fileRef = F6CB5B171CD463D600DD3587 /* CoreLocation.framework */; };
		F6CB5B1A1CD463E400DD3587 /* MapKit.framework in Frameworks */ = {isa = PBXBuildFile; fileRef = F6CB5B191CD463E400DD3587 /* MapKit.framework */; };
/* End PBXBuildFile section */

/* Begin PBXFileReference section */
		F64699E01CD5B93000BF81D4 /* Bolts.framework */ = {isa = PBXFileReference; lastKnownFileType = wrapper.framework; path = Bolts.framework; sourceTree = "<group>"; };
		F64699E11CD5B93000BF81D4 /* Parse.framework */ = {isa = PBXFileReference; lastKnownFileType = wrapper.framework; path = Parse.framework; sourceTree = "<group>"; };
		F64699E41CD5BA6300BF81D4 /* libsqlite3.tbd */ = {isa = PBXFileReference; lastKnownFileType = "sourcecode.text-based-dylib-definition"; name = libsqlite3.tbd; path = usr/lib/libsqlite3.tbd; sourceTree = SDKROOT; };
		F64699E61CD5BA9000BF81D4 /* libstdc++.6.tbd */ = {isa = PBXFileReference; lastKnownFileType = "sourcecode.text-based-dylib-definition"; name = "libstdc++.6.tbd"; path = "usr/lib/libstdc++.6.tbd"; sourceTree = SDKROOT; };
		F64699E81CD5BABF00BF81D4 /* SystemConfiguration.framework */ = {isa = PBXFileReference; lastKnownFileType = wrapper.framework; name = SystemConfiguration.framework; path = System/Library/Frameworks/SystemConfiguration.framework; sourceTree = SDKROOT; };
		F64699EA1CD5BADB00BF81D4 /* AudioToolbox.framework */ = {isa = PBXFileReference; lastKnownFileType = wrapper.framework; name = AudioToolbox.framework; path = System/Library/Frameworks/AudioToolbox.framework; sourceTree = SDKROOT; };
		F67379711CD4BECA00BE4BF0 /* TableViewController.swift */ = {isa = PBXFileReference; fileEncoding = 4; lastKnownFileType = sourcecode.swift; path = TableViewController.swift; sourceTree = "<group>"; };
		F6CB5B001CD4613700DD3587 /* Neighborgoods.app */ = {isa = PBXFileReference; explicitFileType = wrapper.application; includeInIndex = 0; path = Neighborgoods.app; sourceTree = BUILT_PRODUCTS_DIR; };
		F6CB5B031CD4613700DD3587 /* AppDelegate.swift */ = {isa = PBXFileReference; lastKnownFileType = sourcecode.swift; path = AppDelegate.swift; sourceTree = "<group>"; };
		F6CB5B051CD4613700DD3587 /* ViewController.swift */ = {isa = PBXFileReference; indentWidth = 0; lastKnownFileType = sourcecode.swift; path = ViewController.swift; sourceTree = "<group>"; tabWidth = 1; usesTabs = 0; };
		F6CB5B081CD4613700DD3587 /* Base */ = {isa = PBXFileReference; lastKnownFileType = file.storyboard; name = Base; path = Base.lproj/Main.storyboard; sourceTree = "<group>"; };
		F6CB5B0A1CD4613700DD3587 /* Assets.xcassets */ = {isa = PBXFileReference; lastKnownFileType = folder.assetcatalog; path = Assets.xcassets; sourceTree = "<group>"; };
		F6CB5B0D1CD4613700DD3587 /* Base */ = {isa = PBXFileReference; lastKnownFileType = file.storyboard; name = Base; path = Base.lproj/LaunchScreen.storyboard; sourceTree = "<group>"; };
		F6CB5B0F1CD4613700DD3587 /* Info.plist */ = {isa = PBXFileReference; lastKnownFileType = text.plist.xml; path = Info.plist; sourceTree = "<group>"; };
		F6CB5B171CD463D600DD3587 /* CoreLocation.framework */ = {isa = PBXFileReference; lastKnownFileType = wrapper.framework; name = CoreLocation.framework; path = System/Library/Frameworks/CoreLocation.framework; sourceTree = SDKROOT; };
		F6CB5B191CD463E400DD3587 /* MapKit.framework */ = {isa = PBXFileReference; lastKnownFileType = wrapper.framework; name = MapKit.framework; path = System/Library/Frameworks/MapKit.framework; sourceTree = SDKROOT; };
/* End PBXFileReference section */

/* Begin PBXFrameworksBuildPhase section */
		F6CB5AFD1CD4613700DD3587 /* Frameworks */ = {
			isa = PBXFrameworksBuildPhase;
			buildActionMask = 2147483647;
			files = (
				F64699EB1CD5BADB00BF81D4 /* AudioToolbox.framework in Frameworks */,
				F64699E91CD5BABF00BF81D4 /* SystemConfiguration.framework in Frameworks */,
				F64699E71CD5BA9000BF81D4 /* libstdc++.6.tbd in Frameworks */,
				F64699E51CD5BA6300BF81D4 /* libsqlite3.tbd in Frameworks */,
				F64699E21CD5B93000BF81D4 /* Bolts.framework in Frameworks */,
				F6CB5B1A1CD463E400DD3587 /* MapKit.framework in Frameworks */,
				F64699E31CD5B93000BF81D4 /* Parse.framework in Frameworks */,
				F6CB5B181CD463D600DD3587 /* CoreLocation.framework in Frameworks */,
			);
			runOnlyForDeploymentPostprocessing = 0;
		};
/* End PBXFrameworksBuildPhase section */

/* Begin PBXGroup section */
		F6CB5AF71CD4613700DD3587 = {
			isa = PBXGroup;
			children = (
				F64699EA1CD5BADB00BF81D4 /* AudioToolbox.framework */,
				F64699E81CD5BABF00BF81D4 /* SystemConfiguration.framework */,
				F64699E61CD5BA9000BF81D4 /* libstdc++.6.tbd */,
				F64699E41CD5BA6300BF81D4 /* libsqlite3.tbd */,
				F64699E01CD5B93000BF81D4 /* Bolts.framework */,
				F64699E11CD5B93000BF81D4 /* Parse.framework */,
				F6CB5B191CD463E400DD3587 /* MapKit.framework */,
				F6CB5B171CD463D600DD3587 /* CoreLocation.framework */,
				F6CB5B021CD4613700DD3587 /* Neighborgoods */,
				F6CB5B011CD4613700DD3587 /* Products */,
			);
			sourceTree = "<group>";
		};
		F6CB5B011CD4613700DD3587 /* Products */ = {
			isa = PBXGroup;
			children = (
				F6CB5B001CD4613700DD3587 /* Neighborgoods.app */,
			);
			name = Products;
			sourceTree = "<group>";
		};
		F6CB5B021CD4613700DD3587 /* Neighborgoods */ = {
			isa = PBXGroup;
			children = (
				F6CB5B031CD4613700DD3587 /* AppDelegate.swift */,
				F6CB5B051CD4613700DD3587 /* ViewController.swift */,
				F6CB5B071CD4613700DD3587 /* Main.storyboard */,
				F67379711CD4BECA00BE4BF0 /* TableViewController.swift */,
				F6CB5B0A1CD4613700DD3587 /* Assets.xcassets */,
				F6CB5B0C1CD4613700DD3587 /* LaunchScreen.storyboard */,
				F6CB5B0F1CD4613700DD3587 /* Info.plist */,
			);
			path = Neighborgoods;
			sourceTree = "<group>";
		};
/* End PBXGroup section */

/* Begin PBXNativeTarget section */
		F6CB5AFF1CD4613700DD3587 /* Neighborgoods */ = {
			isa = PBXNativeTarget;
			buildConfigurationList = F6CB5B121CD4613700DD3587 /* Build configuration list for PBXNativeTarget "Neighborgoods" */;
			buildPhases = (
				F6CB5AFC1CD4613700DD3587 /* Sources */,
				F6CB5AFD1CD4613700DD3587 /* Frameworks */,
				F6CB5AFE1CD4613700DD3587 /* Resources */,
			);
			buildRules = (
			);
			dependencies = (
			);
			name = Neighborgoods;
			productName = Neighborgoods;
			productReference = F6CB5B001CD4613700DD3587 /* Neighborgoods.app */;
			productType = "com.apple.product-type.application";
		};
/* End PBXNativeTarget section */

/* Begin PBXProject section */
		F6CB5AF81CD4613700DD3587 /* Project object */ = {
			isa = PBXProject;
			attributes = {
				LastSwiftUpdateCheck = 0730;
				LastUpgradeCheck = 0730;
				ORGANIZATIONNAME = "Lindsey Baker";
				TargetAttributes = {
					F6CB5AFF1CD4613700DD3587 = {
						CreatedOnToolsVersion = 7.3;
						DevelopmentTeam = K733Z5N5XW;
						SystemCapabilities = {
							com.apple.Maps.iOS = {
								enabled = 1;
							};
						};
					};
				};
			};
			buildConfigurationList = F6CB5AFB1CD4613700DD3587 /* Build configuration list for PBXProject "Neighborgoods" */;
			compatibilityVersion = "Xcode 3.2";
			developmentRegion = English;
			hasScannedForEncodings = 0;
			knownRegions = (
				en,
				Base,
			);
			mainGroup = F6CB5AF71CD4613700DD3587;
			productRefGroup = F6CB5B011CD4613700DD3587 /* Products */;
			projectDirPath = "";
			projectRoot = "";
			targets = (
				F6CB5AFF1CD4613700DD3587 /* Neighborgoods */,
			);
		};
/* End PBXProject section */

/* Begin PBXResourcesBuildPhase section */
		F6CB5AFE1CD4613700DD3587 /* Resources */ = {
			isa = PBXResourcesBuildPhase;
			buildActionMask = 2147483647;
			files = (
				F6CB5B0E1CD4613700DD3587 /* LaunchScreen.storyboard in Resources */,
				F6CB5B0B1CD4613700DD3587 /* Assets.xcassets in Resources */,
				F6CB5B091CD4613700DD3587 /* Main.storyboard in Resources */,
			);
			runOnlyForDeploymentPostprocessing = 0;
		};
/* End PBXResourcesBuildPhase section */

/* Begin PBXSourcesBuildPhase section */
		F6CB5AFC1CD4613700DD3587 /* Sources */ = {
			isa = PBXSourcesBuildPhase;
			buildActionMask = 2147483647;
			files = (
				F6CB5B061CD4613700DD3587 /* ViewController.swift in Sources */,
				F67379721CD4BECA00BE4BF0 /* TableViewController.swift in Sources */,
				F6CB5B041CD4613700DD3587 /* AppDelegate.swift in Sources */,
			);
			runOnlyForDeploymentPostprocessing = 0;
		};
/* End PBXSourcesBuildPhase section */

/* Begin PBXVariantGroup section */
		F6CB5B071CD4613700DD3587 /* Main.storyboard */ = {
			isa = PBXVariantGroup;
			children = (
				F6CB5B081CD4613700DD3587 /* Base */,
			);
			name = Main.storyboard;
			sourceTree = "<group>";
		};
		F6CB5B0C1CD4613700DD3587 /* LaunchScreen.storyboard */ = {
			isa = PBXVariantGroup;
			children = (
				F6CB5B0D1CD4613700DD3587 /* Base */,
			);
			name = LaunchScreen.storyboard;
			sourceTree = "<group>";
		};
/* End PBXVariantGroup section */

/* Begin XCBuildConfiguration section */
		F6CB5B101CD4613700DD3587 /* Debug */ = {
			isa = XCBuildConfiguration;
			buildSettings = {
				ALWAYS_SEARCH_USER_PATHS = NO;
				CLANG_ANALYZER_NONNULL = YES;
				CLANG_CXX_LANGUAGE_STANDARD = "gnu++0x";
				CLANG_CXX_LIBRARY = "libc++";
				CLANG_ENABLE_MODULES = YES;
				CLANG_ENABLE_OBJC_ARC = YES;
				CLANG_WARN_BOOL_CONVERSION = YES;
				CLANG_WARN_CONSTANT_CONVERSION = YES;
				CLANG_WARN_DIRECT_OBJC_ISA_USAGE = YES_ERROR;
				CLANG_WARN_EMPTY_BODY = YES;
				CLANG_WARN_ENUM_CONVERSION = YES;
				CLANG_WARN_INT_CONVERSION = YES;
				CLANG_WARN_OBJC_ROOT_CLASS = YES_ERROR;
				CLANG_WARN_UNREACHABLE_CODE = YES;
				CLANG_WARN__DUPLICATE_METHOD_MATCH = YES;
				"CODE_SIGN_IDENTITY[sdk=iphoneos*]" = "iPhone Developer";
				COPY_PHASE_STRIP = NO;
				DEBUG_INFORMATION_FORMAT = dwarf;
				ENABLE_STRICT_OBJC_MSGSEND = YES;
				ENABLE_TESTABILITY = YES;
				GCC_C_LANGUAGE_STANDARD = gnu99;
				GCC_DYNAMIC_NO_PIC = NO;
				GCC_NO_COMMON_BLOCKS = YES;
				GCC_OPTIMIZATION_LEVEL = 0;
				GCC_PREPROCESSOR_DEFINITIONS = (
					"DEBUG=1",
					"$(inherited)",
				);
				GCC_WARN_64_TO_32_BIT_CONVERSION = YES;
				GCC_WARN_ABOUT_RETURN_TYPE = YES_ERROR;
				GCC_WARN_UNDECLARED_SELECTOR = YES;
				GCC_WARN_UNINITIALIZED_AUTOS = YES_AGGRESSIVE;
				GCC_WARN_UNUSED_FUNCTION = YES;
				GCC_WARN_UNUSED_VARIABLE = YES;
				IPHONEOS_DEPLOYMENT_TARGET = 9.3;
				MTL_ENABLE_DEBUG_INFO = YES;
				ONLY_ACTIVE_ARCH = YES;
				SDKROOT = iphoneos;
				SWIFT_OPTIMIZATION_LEVEL = "-Onone";
			};
			name = Debug;
		};
		F6CB5B111CD4613700DD3587 /* Release */ = {
			isa = XCBuildConfiguration;
			buildSettings = {
				ALWAYS_SEARCH_USER_PATHS = NO;
				CLANG_ANALYZER_NONNULL = YES;
				CLANG_CXX_LANGUAGE_STANDARD = "gnu++0x";
				CLANG_CXX_LIBRARY = "libc++";
				CLANG_ENABLE_MODULES = YES;
				CLANG_ENABLE_OBJC_ARC = YES;
				CLANG_WARN_BOOL_CONVERSION = YES;
				CLANG_WARN_CONSTANT_CONVERSION = YES;
				CLANG_WARN_DIRECT_OBJC_ISA_USAGE = YES_ERROR;
				CLANG_WARN_EMPTY_BODY = YES;
				CLANG_WARN_ENUM_CONVERSION = YES;
				CLANG_WARN_INT_CONVERSION = YES;
				CLANG_WARN_OBJC_ROOT_CLASS = YES_ERROR;
				CLANG_WARN_UNREACHABLE_CODE = YES;
				CLANG_WARN__DUPLICATE_METHOD_MATCH = YES;
				"CODE_SIGN_IDENTITY[sdk=iphoneos*]" = "iPhone Developer";
				COPY_PHASE_STRIP = NO;
				DEBUG_INFORMATION_FORMAT = "dwarf-with-dsym";
				ENABLE_NS_ASSERTIONS = NO;
				ENABLE_STRICT_OBJC_MSGSEND = YES;
				GCC_C_LANGUAGE_STANDARD = gnu99;
				GCC_NO_COMMON_BLOCKS = YES;
				GCC_WARN_64_TO_32_BIT_CONVERSION = YES;
				GCC_WARN_ABOUT_RETURN_TYPE = YES_ERROR;
				GCC_WARN_UNDECLARED_SELECTOR = YES;
				GCC_WARN_UNINITIALIZED_AUTOS = YES_AGGRESSIVE;
				GCC_WARN_UNUSED_FUNCTION = YES;
				GCC_WARN_UNUSED_VARIABLE = YES;
				IPHONEOS_DEPLOYMENT_TARGET = 9.3;
				MTL_ENABLE_DEBUG_INFO = NO;
				SDKROOT = iphoneos;
				VALIDATE_PRODUCT = YES;
			};
			name = Release;
		};
		F6CB5B131CD4613700DD3587 /* Debug */ = {
			isa = XCBuildConfiguration;
			buildSettings = {
				ASSETCATALOG_COMPILER_APPICON_NAME = AppIcon;
				FRAMEWORK_SEARCH_PATHS = (
					"$(inherited)",
					"$(PROJECT_DIR)",
				);
				INFOPLIST_FILE = Neighborgoods/Info.plist;
				LD_RUNPATH_SEARCH_PATHS = "$(inherited) @executable_path/Frameworks";
				PRODUCT_BUNDLE_IDENTIFIER = com.lindseybakermedia.Neighborgoods;
				PRODUCT_NAME = "$(TARGET_NAME)";
			};
			name = Debug;
		};
		F6CB5B141CD4613700DD3587 /* Release */ = {
			isa = XCBuildConfiguration;
			buildSettings = {
				ASSETCATALOG_COMPILER_APPICON_NAME = AppIcon;
				FRAMEWORK_SEARCH_PATHS = (
					"$(inherited)",
					"$(PROJECT_DIR)",
				);
				INFOPLIST_FILE = Neighborgoods/Info.plist;
				LD_RUNPATH_SEARCH_PATHS = "$(inherited) @executable_path/Frameworks";
				PRODUCT_BUNDLE_IDENTIFIER = com.lindseybakermedia.Neighborgoods;
				PRODUCT_NAME = "$(TARGET_NAME)";
			};
			name = Release;
		};
/* End XCBuildConfiguration section */

/* Begin XCConfigurationList section */
		F6CB5AFB1CD4613700DD3587 /* Build configuration list for PBXProject "Neighborgoods" */ = {
			isa = XCConfigurationList;
			buildConfigurations = (
				F6CB5B101CD4613700DD3587 /* Debug */,
				F6CB5B111CD4613700DD3587 /* Release */,
			);
			defaultConfigurationIsVisible = 0;
			defaultConfigurationName = Release;
		};
		F6CB5B121CD4613700DD3587 /* Build configuration list for PBXNativeTarget "Neighborgoods" */ = {
			isa = XCConfigurationList;
			buildConfigurations = (
				F6CB5B131CD4613700DD3587 /* Debug */,
				F6CB5B141CD4613700DD3587 /* Release */,
			);
			defaultConfigurationIsVisible = 0;
			defaultConfigurationName = Release;
		};
/* End XCConfigurationList section */
	};
	rootObject = F6CB5AF81CD4613700DD3587 /* Project object */;
}
